
Microsoft Visual Studio Solution File, Format Version 12.00
# Visual Studio Version 17
VisualStudioVersion = 17.14.36603.0 d17.14
MinimumVisualStudioVersion = 10.0.40219.1
Project("{FAE04EC0-301F-11D3-BF4B-00C04F79EFBC}") = "ATMSystem", "ATMSystem.csproj", "{DFCE4BEC-5CEA-41B9-88C3-225A73404D14}"
EndProject
Global
	GlobalSection(SolutionConfigurationPlatforms) = preSolution
		Debug|Any CPU = Debug|Any CPU
		Release|Any CPU = Release|Any CPU
	EndGlobalSection
	GlobalSection(ProjectConfigurationPlatforms) = postSolution
		{DFCE4BEC-5CEA-41B9-88C3-225A73404D14}.Debug|Any CPU.ActiveCfg = Debug|Any CPU
		{DFCE4BEC-5CEA-41B9-88C3-225A73404D14}.Debug|Any CPU.Build.0 = Debug|Any CPU
		{DFCE4BEC-5CEA-41B9-88C3-225A73404D14}.Release|Any CPU.ActiveCfg = Release|Any CPU
		{DFCE4BEC-5CEA-41B9-88C3-225A73404D14}.Release|Any CPU.Build.0 = Release|Any CPU
	EndGlobalSection
	GlobalSection(SolutionProperties) = preSolution
		HideSolutionNode = FALSE
	EndGlobalSection
	GlobalSection(ExtensibilityGlobals) = postSolution
		SolutionGuid = {F208DD38-04B1-4CC4-BB95-C4609F8C7CFE}
	EndGlobalSection
EndGlobal
